
Microsoft Visual Studio Solution File, Format Version 12.00
# Visual Studio Version 16
VisualStudioVersion = 16.0.32901.82
MinimumVisualStudioVersion = 10.0.40219.1
Project("{FAE04EC0-301F-11D3-BF4B-00C04F79EFBC}") = "Task 10", "Task 10\Task 10.csproj", "{C112C3AB-A913-4064-83A8-744497DEED2D}"
EndProject
Global
	GlobalSection(SolutionConfigurationPlatforms) = preSolution
		Debug|Any CPU = Debug|Any CPU
		Release|Any CPU = Release|Any CPU
	EndGlobalSection
	GlobalSection(ProjectConfigurationPlatforms) = postSolution
		{C112C3AB-A913-4064-83A8-744497DEED2D}.Debug|Any CPU.ActiveCfg = Debug|Any CPU
		{C112C3AB-A913-4064-83A8-744497DEED2D}.Debug|Any CPU.Build.0 = Debug|Any CPU
		{C112C3AB-A913-4064-83A8-744497DEED2D}.Release|Any CPU.ActiveCfg = Release|Any CPU
		{C112C3AB-A913-4064-83A8-744497DEED2D}.Release|Any CPU.Build.0 = Release|Any CPU
	EndGlobalSection
	GlobalSection(SolutionProperties) = preSolution
		HideSolutionNode = FALSE
	EndGlobalSection
	GlobalSection(ExtensibilityGlobals) = postSolution
		SolutionGuid = {7DBB8FB3-900A-4DF6-A02D-8EE06D6EE029}
	EndGlobalSection
EndGlobal
