
Microsoft Visual Studio Solution File, Format Version 12.00
# Visual Studio Version 16
VisualStudioVersion = 16.0.32901.82
MinimumVisualStudioVersion = 10.0.40219.1
Project("{FAE04EC0-301F-11D3-BF4B-00C04F79EFBC}") = "Task5", "Task5\Task5.csproj", "{180EBCE8-9DB2-41B3-95BD-5C17A123B52E}"
EndProject
Global
	GlobalSection(SolutionConfigurationPlatforms) = preSolution
		Debug|Any CPU = Debug|Any CPU
		Release|Any CPU = Release|Any CPU
	EndGlobalSection
	GlobalSection(ProjectConfigurationPlatforms) = postSolution
		{180EBCE8-9DB2-41B3-95BD-5C17A123B52E}.Debug|Any CPU.ActiveCfg = Debug|Any CPU
		{180EBCE8-9DB2-41B3-95BD-5C17A123B52E}.Debug|Any CPU.Build.0 = Debug|Any CPU
		{180EBCE8-9DB2-41B3-95BD-5C17A123B52E}.Release|Any CPU.ActiveCfg = Release|Any CPU
		{180EBCE8-9DB2-41B3-95BD-5C17A123B52E}.Release|Any CPU.Build.0 = Release|Any CPU
	EndGlobalSection
	GlobalSection(SolutionProperties) = preSolution
		HideSolutionNode = FALSE
	EndGlobalSection
	GlobalSection(ExtensibilityGlobals) = postSolution
		SolutionGuid = {580869E4-47C4-4845-B02A-06AFDF56A2BB}
	EndGlobalSection
EndGlobal
